// !$*UTF8*$!
{
	archiveVersion = 1;
	classes = {
	};
	objectVersion = 77;
	objects = {

/* Begin PBXBuildFile section */
		9936642B2E847AF00005905D /* Assets.xcassets in Resources */ = {isa = PBXBuildFile; fileRef = 993664192E847AF00005905D /* Assets.xcassets */; };
		9936642C2E847AF00005905D /* Preview Assets.xcassets in Resources */ = {isa = PBXBuildFile; fileRef = 9936641E2E847AF00005905D /* Preview Assets.xcassets */; };
		9936642D2E847AF00005905D /* LoginView.swift in Sources */ = {isa = PBXBuildFile; fileRef = 993664252E847AF00005905D /* LoginView.swift */; };
		9936642E2E847AF00005905D /* User.swift in Sources */ = {isa = PBXBuildFile; fileRef = 9936641C2E847AF00005905D /* User.swift */; };
		9936642F2E847AF00005905D /* SplashView.swift in Sources */ = {isa = PBXBuildFile; fileRef = 993664272E847AF00005905D /* SplashView.swift */; };
		993664302E847AF00005905D /* BiometricAuthView.swift in Sources */ = {isa = PBXBuildFile; fileRef = 993664242E847AF00005905D /* BiometricAuthView.swift */; };
		993664312E847AF00005905D /* AuthViewModel.swift in Sources */ = {isa = PBXBuildFile; fileRef = 993664222E847AF00005905D /* AuthViewModel.swift */; };
		993664322E847AF00005905D /* DiabfitApp.swift in Sources */ = {isa = PBXBuildFile; fileRef = 9936641A2E847AF00005905D /* DiabfitApp.swift */; };
		993664332E847AF00005905D /* MainTabView.swift in Sources */ = {isa = PBXBuildFile; fileRef = 993664262E847AF00005905D /* MainTabView.swift */; };
		993664342E847AF00005905D /* BiometricAuthService.swift in Sources */ = {isa = PBXBuildFile; fileRef = 993664202E847AF00005905D /* BiometricAuthService.swift */; };
		993664352E847AF00005905D /* MealPlanningService.swift in Sources */ = {isa = PBXBuildFile; fileRef = 993664372E847AF00005905D /* MealPlanningService.swift */; };
		993664382E847AF00005905D /* AIAnalyticsService.swift in Sources */ = {isa = PBXBuildFile; fileRef = 993664392E847AF00005905D /* AIAnalyticsService.swift */; };
		9936643A2E847AF00005905D /* MealModels.swift in Sources */ = {isa = PBXBuildFile; fileRef = 9936643B2E847AF00005905D /* MealModels.swift */; };
		993664522E847AF00005905D /* GlucoseModels.swift in Sources */ = {isa = PBXBuildFile; fileRef = 993664532E847AF00005905D /* GlucoseModels.swift */; };
		993664542E847AF00005905D /* HealthModels.swift in Sources */ = {isa = PBXBuildFile; fileRef = 993664552E847AF00005905D /* HealthModels.swift */; };
		993664562E847AF00005905D /* ExerciseModels.swift in Sources */ = {isa = PBXBuildFile; fileRef = 993664572E847AF00005905D /* ExerciseModels.swift */; };
		993664582E847AF00005905D /* MedicationModels.swift in Sources */ = {isa = PBXBuildFile; fileRef = 993664592E847AF00005905D /* MedicationModels.swift */; };
		9936645A2E847AF00005905D /* MealAnalysisModels.swift in Sources */ = {isa = PBXBuildFile; fileRef = 9936645B2E847AF00005905D /* MealAnalysisModels.swift */; };
		9936643C2E847AF00005905D /* HealthKitManager.swift in Sources */ = {isa = PBXBuildFile; fileRef = 9936643D2E847AF00005905D /* HealthKitManager.swift */; };
		9936643E2E847AF00005905D /* KeychainManager.swift in Sources */ = {isa = PBXBuildFile; fileRef = 9936643F2E847AF00005905D /* KeychainManager.swift */; };
		993664402E847AF00005905D /* CoreDataManager.swift in Sources */ = {isa = PBXBuildFile; fileRef = 993664412E847AF00005905D /* CoreDataManager.swift */; };
		993664422E847AF00005905D /* AnalyticsEngine.swift in Sources */ = {isa = PBXBuildFile; fileRef = 993664432E847AF00005905D /* AnalyticsEngine.swift */; };
		993664442E847AF00005905D /* ExerciseLogView.swift in Sources */ = {isa = PBXBuildFile; fileRef = 993664452E847AF00005905D /* ExerciseLogView.swift */; };
		993664462E847AF00005905D /* GlucoseTrackingView.swift in Sources */ = {isa = PBXBuildFile; fileRef = 993664472E847AF00005905D /* GlucoseTrackingView.swift */; };
		993664482E847AF00005905D /* HealthView.swift in Sources */ = {isa = PBXBuildFile; fileRef = 993664492E847AF00005905D /* HealthView.swift */; };
		9936644A2E847AF00005905D /* MealPlanningView.swift in Sources */ = {isa = PBXBuildFile; fileRef = 9936644B2E847AF00005905D /* MealPlanningView.swift */; };
		993664512E847AF00005905D /* CoreDataEntities.swift in Sources */ = {isa = PBXBuildFile; fileRef = 993664502E847AF00005905D /* CoreDataEntities.swift */; };
		9936645E2E847AF00005905D /* ExerciseView.swift in Sources */ = {isa = PBXBuildFile; fileRef = 9936645C2E847AF00005905D /* ExerciseView.swift */; };
		9936645F2E847AF00005905D /* MedicationTrackerView.swift in Sources */ = {isa = PBXBuildFile; fileRef = 9936645D2E847AF00005905D /* MedicationTrackerView.swift */; };
/* End PBXBuildFile section */

/* Begin PBXFileReference section */
		993664192E847AF00005905D /* Assets.xcassets */ = {isa = PBXFileReference; lastKnownFileType = folder.assetcatalog; path = Assets.xcassets; sourceTree = "<group>"; };
		9936641A2E847AF00005905D /* DiabfitApp.swift */ = {isa = PBXFileReference; lastKnownFileType = sourcecode.swift; path = DiabfitApp.swift; sourceTree = "<group>"; };
		9936641B2E847AF00005905D /* FItapp.xcodeproj */ = {isa = PBXFileReference; lastKnownFileType = "wrapper.pb-project"; path = FItapp.xcodeproj; sourceTree = "<group>"; };
		9936641C2E847AF00005905D /* User.swift */ = {isa = PBXFileReference; lastKnownFileType = sourcecode.swift; path = User.swift; sourceTree = "<group>"; };
		9936641E2E847AF00005905D /* Preview Assets.xcassets */ = {isa = PBXFileReference; lastKnownFileType = folder.assetcatalog; path = "Preview Assets.xcassets"; sourceTree = "<group>"; };
		993664202E847AF00005905D /* BiometricAuthService.swift */ = {isa = PBXFileReference; lastKnownFileType = sourcecode.swift; path = BiometricAuthService.swift; sourceTree = "<group>"; };
		993664222E847AF00005905D /* AuthViewModel.swift */ = {isa = PBXFileReference; lastKnownFileType = sourcecode.swift; path = AuthViewModel.swift; sourceTree = "<group>"; };
		993664242E847AF00005905D /* BiometricAuthView.swift */ = {isa = PBXFileReference; lastKnownFileType = sourcecode.swift; path = BiometricAuthView.swift; sourceTree = "<group>"; };
		993664252E847AF00005905D /* LoginView.swift */ = {isa = PBXFileReference; lastKnownFileType = sourcecode.swift; path = LoginView.swift; sourceTree = "<group>"; };
		993664262E847AF00005905D /* MainTabView.swift */ = {isa = PBXFileReference; lastKnownFileType = sourcecode.swift; path = MainTabView.swift; sourceTree = "<group>"; };
		993664272E847AF00005905D /* SplashView.swift */ = {isa = PBXFileReference; lastKnownFileType = sourcecode.swift; path = SplashView.swift; sourceTree = "<group>"; };
		993664362E848ACA0005905D /* FItapp.app */ = {isa = PBXFileReference; explicitFileType = wrapper.application; includeInIndex = 0; path = FItapp.app; sourceTree = BUILT_PRODUCTS_DIR; };
		993664372E847AF00005905D /* MealPlanningService.swift */ = {isa = PBXFileReference; lastKnownFileType = sourcecode.swift; path = MealPlanningService.swift; sourceTree = "<group>"; };
		993664392E847AF00005905D /* AIAnalyticsService.swift */ = {isa = PBXFileReference; lastKnownFileType = sourcecode.swift; path = AIAnalyticsService.swift; sourceTree = "<group>"; };
		9936643B2E847AF00005905D /* MealModels.swift */ = {isa = PBXFileReference; lastKnownFileType = sourcecode.swift; path = MealModels.swift; sourceTree = "<group>"; };
		9936643D2E847AF00005905D /* HealthKitManager.swift */ = {isa = PBXFileReference; lastKnownFileType = sourcecode.swift; path = HealthKitManager.swift; sourceTree = "<group>"; };
		9936643F2E847AF00005905D /* KeychainManager.swift */ = {isa = PBXFileReference; lastKnownFileType = sourcecode.swift; path = KeychainManager.swift; sourceTree = "<group>"; };
		993664412E847AF00005905D /* CoreDataManager.swift */ = {isa = PBXFileReference; lastKnownFileType = sourcecode.swift; path = CoreDataManager.swift; sourceTree = "<group>"; };
		993664432E847AF00005905D /* AnalyticsEngine.swift */ = {isa = PBXFileReference; lastKnownFileType = sourcecode.swift; path = AnalyticsEngine.swift; sourceTree = "<group>"; };
		993664452E847AF00005905D /* ExerciseLogView.swift */ = {isa = PBXFileReference; lastKnownFileType = sourcecode.swift; path = ExerciseLogView.swift; sourceTree = "<group>"; };
		993664472E847AF00005905D /* GlucoseTrackingView.swift */ = {isa = PBXFileReference; lastKnownFileType = sourcecode.swift; path = GlucoseTrackingView.swift; sourceTree = "<group>"; };
		993664492E847AF00005905D /* HealthView.swift */ = {isa = PBXFileReference; lastKnownFileType = sourcecode.swift; path = HealthView.swift; sourceTree = "<group>"; };
		9936644B2E847AF00005905D /* MealPlanningView.swift */ = {isa = PBXFileReference; lastKnownFileType = sourcecode.swift; path = MealPlanningView.swift; sourceTree = "<group>"; };
		993664502E847AF00005905D /* CoreDataEntities.swift */ = {isa = PBXFileReference; lastKnownFileType = sourcecode.swift; path = CoreDataEntities.swift; sourceTree = "<group>"; };
		993664532E847AF00005905D /* GlucoseModels.swift */ = {isa = PBXFileReference; lastKnownFileType = sourcecode.swift; path = GlucoseModels.swift; sourceTree = "<group>"; };
		993664552E847AF00005905D /* HealthModels.swift */ = {isa = PBXFileReference; lastKnownFileType = sourcecode.swift; path = HealthModels.swift; sourceTree = "<group>"; };
		993664572E847AF00005905D /* ExerciseModels.swift */ = {isa = PBXFileReference; lastKnownFileType = sourcecode.swift; path = ExerciseModels.swift; sourceTree = "<group>"; };
		993664592E847AF00005905D /* MedicationModels.swift */ = {isa = PBXFileReference; lastKnownFileType = sourcecode.swift; path = MedicationModels.swift; sourceTree = "<group>"; };
		9936645B2E847AF00005905D /* MealAnalysisModels.swift */ = {isa = PBXFileReference; lastKnownFileType = sourcecode.swift; path = MealAnalysisModels.swift; sourceTree = "<group>"; };
		9936645C2E847AF00005905D /* ExerciseView.swift */ = {isa = PBXFileReference; lastKnownFileType = sourcecode.swift; path = ExerciseView.swift; sourceTree = "<group>"; };
		9936645D2E847AF00005905D /* MedicationTrackerView.swift */ = {isa = PBXFileReference; lastKnownFileType = sourcecode.swift; path = MedicationTrackerView.swift; sourceTree = "<group>"; };
/* End PBXFileReference section */

/* Begin PBXFrameworksBuildPhase section */
		993663E82E8477CB0005905D /* Frameworks */ = {
			isa = PBXFrameworksBuildPhase;
			buildActionMask = 2147483647;
			files = (
			);
			runOnlyForDeploymentPostprocessing = 0;
		};
/* End PBXFrameworksBuildPhase section */

/* Begin PBXGroup section */
		993663E22E8477CB0005905D = {
			isa = PBXGroup;
			children = (
				993664192E847AF00005905D /* Assets.xcassets */,
				9936641A2E847AF00005905D /* DiabfitApp.swift */,
				9936641B2E847AF00005905D /* FItapp.xcodeproj */,
				9936641D2E847AF00005905D /* Models */,
				9936641F2E847AF00005905D /* Preview Content */,
				993664212E847AF00005905D /* Services */,
				993664232E847AF00005905D /* ViewModels */,
				993664282E847AF00005905D /* Views */,
				9936644C2E847AF00005905D /* HealthKit */,
				9936644D2E847AF00005905D /* Security */,
				9936644E2E847AF00005905D /* Data */,
				9936644F2E847AF00005905D /* Analytics */,
				993664362E848ACA0005905D /* FItapp.app */,
			);
			sourceTree = "<group>";
		};
		9936641D2E847AF00005905D /* Models */ = {
			isa = PBXGroup;
			children = (
				9936641C2E847AF00005905D /* User.swift */,
				9936643B2E847AF00005905D /* MealModels.swift */,
				993664532E847AF00005905D /* GlucoseModels.swift */,
				993664552E847AF00005905D /* HealthModels.swift */,
				993664572E847AF00005905D /* ExerciseModels.swift */,
				993664592E847AF00005905D /* MedicationModels.swift */,
				9936645B2E847AF00005905D /* MealAnalysisModels.swift */,
			);
			path = Models;
			sourceTree = "<group>";
		};
		9936641F2E847AF00005905D /* Preview Content */ = {
			isa = PBXGroup;
			children = (
				9936641E2E847AF00005905D /* Preview Assets.xcassets */,
			);
			path = "Preview Content";
			sourceTree = "<group>";
		};
		993664212E847AF00005905D /* Services */ = {
			isa = PBXGroup;
			children = (
				993664202E847AF00005905D /* BiometricAuthService.swift */,
				993664372E847AF00005905D /* MealPlanningService.swift */,
				993664392E847AF00005905D /* AIAnalyticsService.swift */,
			);
			path = Services;
			sourceTree = "<group>";
		};
		993664232E847AF00005905D /* ViewModels */ = {
			isa = PBXGroup;
			children = (
				993664222E847AF00005905D /* AuthViewModel.swift */,
			);
			path = ViewModels;
			sourceTree = "<group>";
		};
		993664282E847AF00005905D /* Views */ = {
			isa = PBXGroup;
			children = (
				993664242E847AF00005905D /* BiometricAuthView.swift */,
				993664252E847AF00005905D /* LoginView.swift */,
				993664262E847AF00005905D /* MainTabView.swift */,
				993664272E847AF00005905D /* SplashView.swift */,
				993664452E847AF00005905D /* ExerciseLogView.swift */,
				993664472E847AF00005905D /* GlucoseTrackingView.swift */,
				993664492E847AF00005905D /* HealthView.swift */,
				9936644B2E847AF00005905D /* MealPlanningView.swift */,
				9936645C2E847AF00005905D /* ExerciseView.swift */,
				9936645D2E847AF00005905D /* MedicationTrackerView.swift */,
			);
			path = Views;
			sourceTree = "<group>";
		};
		993664292E847AF00005905D /* Products */ = {
			isa = PBXGroup;
			name = Products;
			sourceTree = "<group>";
		};
		9936644C2E847AF00005905D /* HealthKit */ = {
			isa = PBXGroup;
			children = (
				9936643D2E847AF00005905D /* HealthKitManager.swift */,
			);
			path = HealthKit;
			sourceTree = "<group>";
		};
		9936644D2E847AF00005905D /* Security */ = {
			isa = PBXGroup;
			children = (
				9936643F2E847AF00005905D /* KeychainManager.swift */,
			);
			path = Security;
			sourceTree = "<group>";
		};
		9936644E2E847AF00005905D /* Data */ = {
			isa = PBXGroup;
			children = (
				993664412E847AF00005905D /* CoreDataManager.swift */,
				993664502E847AF00005905D /* CoreDataEntities.swift */,
			);
			path = Data;
			sourceTree = "<group>";
		};
		9936644F2E847AF00005905D /* Analytics */ = {
			isa = PBXGroup;
			children = (
				993664432E847AF00005905D /* AnalyticsEngine.swift */,
			);
			path = Analytics;
			sourceTree = "<group>";
		};
/* End PBXGroup section */

/* Begin PBXNativeTarget section */
		993663EA2E8477CB0005905D /* FItapp */ = {
			isa = PBXNativeTarget;
			buildConfigurationList = 993663FB2E8477CD0005905D /* Build configuration list for PBXNativeTarget "FItapp" */;
			buildPhases = (
				993663E72E8477CB0005905D /* Sources */,
				993663E82E8477CB0005905D /* Frameworks */,
				993663E92E8477CB0005905D /* Resources */,
			);
			buildRules = (
			);
			dependencies = (
			);
			name = FItapp;
			packageProductDependencies = (
			);
			productName = FItapp;
			productReference = 993664362E848ACA0005905D /* FItapp.app */;
			productType = "com.apple.product-type.application";
		};
/* End PBXNativeTarget section */

/* Begin PBXProject section */
		993663E32E8477CB0005905D /* Project object */ = {
			isa = PBXProject;
			attributes = {
				BuildIndependentTargetsInParallel = 1;
				LastSwiftUpdateCheck = 1640;
				LastUpgradeCheck = 1640;
				TargetAttributes = {
					993663EA2E8477CB0005905D = {
						CreatedOnToolsVersion = 16.4;
					};
				};
			};
			buildConfigurationList = 993663E62E8477CB0005905D /* Build configuration list for PBXProject "FItapp" */;
			developmentRegion = en;
			hasScannedForEncodings = 0;
			knownRegions = (
				en,
				Base,
			);
			mainGroup = 993663E22E8477CB0005905D;
			minimizedProjectReferenceProxies = 1;
			preferredProjectObjectVersion = 77;
			productRefGroup = 993663E22E8477CB0005905D;
			projectDirPath = "";
			projectReferences = (
				{
					ProductGroup = 993664292E847AF00005905D /* Products */;
					ProjectRef = 9936641B2E847AF00005905D /* FItapp.xcodeproj */;
				},
			);
			projectRoot = "";
			targets = (
				993663EA2E8477CB0005905D /* FItapp */,
			);
		};
/* End PBXProject section */

/* Begin PBXResourcesBuildPhase section */
		993663E92E8477CB0005905D /* Resources */ = {
			isa = PBXResourcesBuildPhase;
			buildActionMask = 2147483647;
			files = (
				9936642B2E847AF00005905D /* Assets.xcassets in Resources */,
				9936642C2E847AF00005905D /* Preview Assets.xcassets in Resources */,
			);
			runOnlyForDeploymentPostprocessing = 0;
		};
/* End PBXResourcesBuildPhase section */

/* Begin PBXSourcesBuildPhase section */
		993663E72E8477CB0005905D /* Sources */ = {
			isa = PBXSourcesBuildPhase;
			buildActionMask = 2147483647;
			files = (
				9936642D2E847AF00005905D /* LoginView.swift in Sources */,
				9936642E2E847AF00005905D /* User.swift in Sources */,
				9936642F2E847AF00005905D /* SplashView.swift in Sources */,
				993664302E847AF00005905D /* BiometricAuthView.swift in Sources */,
				993664312E847AF00005905D /* AuthViewModel.swift in Sources */,
				993664322E847AF00005905D /* DiabfitApp.swift in Sources */,
				993664332E847AF00005905D /* MainTabView.swift in Sources */,
				993664342E847AF00005905D /* BiometricAuthService.swift in Sources */,
				993664352E847AF00005905D /* MealPlanningService.swift in Sources */,
				993664382E847AF00005905D /* AIAnalyticsService.swift in Sources */,
				9936643A2E847AF00005905D /* MealModels.swift in Sources */,
				9936643C2E847AF00005905D /* HealthKitManager.swift in Sources */,
				9936643E2E847AF00005905D /* KeychainManager.swift in Sources */,
				993664402E847AF00005905D /* CoreDataManager.swift in Sources */,
				993664422E847AF00005905D /* AnalyticsEngine.swift in Sources */,
				993664442E847AF00005905D /* ExerciseLogView.swift in Sources */,
				993664462E847AF00005905D /* GlucoseTrackingView.swift in Sources */,
				993664482E847AF00005905D /* HealthView.swift in Sources */,
				9936644A2E847AF00005905D /* MealPlanningView.swift in Sources */,
				993664512E847AF00005905D /* CoreDataEntities.swift in Sources */,
				993664522E847AF00005905D /* GlucoseModels.swift in Sources */,
				993664542E847AF00005905D /* HealthModels.swift in Sources */,
				993664562E847AF00005905D /* ExerciseModels.swift in Sources */,
				993664582E847AF00005905D /* MedicationModels.swift in Sources */,
				9936645A2E847AF00005905D /* MealAnalysisModels.swift in Sources */,
				9936645E2E847AF00005905D /* ExerciseView.swift in Sources */,
				9936645F2E847AF00005905D /* MedicationTrackerView.swift in Sources */,
			);
			runOnlyForDeploymentPostprocessing = 0;
		};
/* End PBXSourcesBuildPhase section */

/* Begin XCBuildConfiguration section */
		993663F92E8477CD0005905D /* Debug */ = {
			isa = XCBuildConfiguration;
			buildSettings = {
				ALWAYS_SEARCH_USER_PATHS = NO;
				ASSETCATALOG_COMPILER_GENERATE_SWIFT_ASSET_SYMBOL_EXTENSIONS = YES;
				CLANG_ANALYZER_NONNULL = YES;
				CLANG_ANALYZER_NUMBER_OBJECT_CONVERSION = YES_AGGRESSIVE;
				CLANG_CXX_LANGUAGE_STANDARD = "gnu++20";
				CLANG_ENABLE_MODULES = YES;
				CLANG_ENABLE_OBJC_ARC = YES;
				CLANG_ENABLE_OBJC_WEAK = YES;
				CLANG_WARN_BLOCK_CAPTURE_AUTORELEASING = YES;
				CLANG_WARN_BOOL_CONVERSION = YES;
				CLANG_WARN_COMMA = YES;
				CLANG_WARN_CONSTANT_CONVERSION = YES;
				CLANG_WARN_DEPRECATED_OBJC_IMPLEMENTATIONS = YES;
				CLANG_WARN_DIRECT_OBJC_ISA_USAGE = YES_ERROR;
				CLANG_WARN_DOCUMENTATION_COMMENTS = YES;
				CLANG_WARN_EMPTY_BODY = YES;
				CLANG_WARN_ENUM_CONVERSION = YES;
				CLANG_WARN_INFINITE_RECURSION = YES;
				CLANG_WARN_INT_CONVERSION = YES;
				CLANG_WARN_NON_LITERAL_NULL_CONVERSION = YES;
				CLANG_WARN_OBJC_IMPLICIT_RETAIN_SELF = YES;
				CLANG_WARN_OBJC_LITERAL_CONVERSION = YES;
				CLANG_WARN_OBJC_ROOT_CLASS = YES_ERROR;
				CLANG_WARN_QUOTED_INCLUDE_IN_FRAMEWORK_HEADER = YES;
				CLANG_WARN_RANGE_LOOP_ANALYSIS = YES;
				CLANG_WARN_STRICT_PROTOTYPES = YES;
				CLANG_WARN_SUSPICIOUS_MOVE = YES;
				CLANG_WARN_UNGUARDED_AVAILABILITY = YES_AGGRESSIVE;
				CLANG_WARN_UNREACHABLE_CODE = YES;
				CLANG_WARN__DUPLICATE_METHOD_MATCH = YES;
				COPY_PHASE_STRIP = NO;
				DEBUG_INFORMATION_FORMAT = dwarf;
				DEVELOPMENT_TEAM = R7UQ8J92N9;
				ENABLE_STRICT_OBJC_MSGSEND = YES;
				ENABLE_TESTABILITY = YES;
				ENABLE_USER_SCRIPT_SANDBOXING = YES;
				GCC_C_LANGUAGE_STANDARD = gnu17;
				GCC_DYNAMIC_NO_PIC = NO;
				GCC_NO_COMMON_BLOCKS = YES;
				GCC_OPTIMIZATION_LEVEL = 0;
				GCC_PREPROCESSOR_DEFINITIONS = (
					"DEBUG=1",
					"$(inherited)",
				);
				GCC_WARN_64_TO_32_BIT_CONVERSION = YES;
				GCC_WARN_ABOUT_RETURN_TYPE = YES_ERROR;
				GCC_WARN_UNDECLARED_SELECTOR = YES;
				GCC_WARN_UNINITIALIZED_AUTOS = YES_AGGRESSIVE;
				GCC_WARN_UNUSED_FUNCTION = YES;
				GCC_WARN_UNUSED_VARIABLE = YES;
				IPHONEOS_DEPLOYMENT_TARGET = 18.5;
				LOCALIZATION_PREFERS_STRING_CATALOGS = YES;
				MTL_ENABLE_DEBUG_INFO = INCLUDE_SOURCE;
				MTL_FAST_MATH = YES;
				ONLY_ACTIVE_ARCH = YES;
				SDKROOT = iphoneos;
				SWIFT_ACTIVE_COMPILATION_CONDITIONS = "DEBUG $(inherited)";
				SWIFT_OPTIMIZATION_LEVEL = "-Onone";
			};
			name = Debug;
		};
		993663FA2E8477CD0005905D /* Release */ = {
			isa = XCBuildConfiguration;
			buildSettings = {
				ALWAYS_SEARCH_USER_PATHS = NO;
				ASSETCATALOG_COMPILER_GENERATE_SWIFT_ASSET_SYMBOL_EXTENSIONS = YES;
				CLANG_ANALYZER_NONNULL = YES;
				CLANG_ANALYZER_NUMBER_OBJECT_CONVERSION = YES_AGGRESSIVE;
				CLANG_CXX_LANGUAGE_STANDARD = "gnu++20";
				CLANG_ENABLE_MODULES = YES;
				CLANG_ENABLE_OBJC_ARC = YES;
				CLANG_ENABLE_OBJC_WEAK = YES;
				CLANG_WARN_BLOCK_CAPTURE_AUTORELEASING = YES;
				CLANG_WARN_BOOL_CONVERSION = YES;
				CLANG_WARN_COMMA = YES;
				CLANG_WARN_CONSTANT_CONVERSION = YES;
				CLANG_WARN_DEPRECATED_OBJC_IMPLEMENTATIONS = YES;
				CLANG_WARN_DIRECT_OBJC_ISA_USAGE = YES_ERROR;
				CLANG_WARN_DOCUMENTATION_COMMENTS = YES;
				CLANG_WARN_EMPTY_BODY = YES;
				CLANG_WARN_ENUM_CONVERSION = YES;
				CLANG_WARN_INFINITE_RECURSION = YES;
				CLANG_WARN_INT_CONVERSION = YES;
				CLANG_WARN_NON_LITERAL_NULL_CONVERSION = YES;
				CLANG_WARN_OBJC_IMPLICIT_RETAIN_SELF = YES;
				CLANG_WARN_OBJC_LITERAL_CONVERSION = YES;
				CLANG_WARN_OBJC_ROOT_CLASS = YES_ERROR;
				CLANG_WARN_QUOTED_INCLUDE_IN_FRAMEWORK_HEADER = YES;
				CLANG_WARN_RANGE_LOOP_ANALYSIS = YES;
				CLANG_WARN_STRICT_PROTOTYPES = YES;
				CLANG_WARN_SUSPICIOUS_MOVE = YES;
				CLANG_WARN_UNGUARDED_AVAILABILITY = YES_AGGRESSIVE;
				CLANG_WARN_UNREACHABLE_CODE = YES;
				CLANG_WARN__DUPLICATE_METHOD_MATCH = YES;
				COPY_PHASE_STRIP = NO;
				DEBUG_INFORMATION_FORMAT = "dwarf-with-dsym";
				DEVELOPMENT_TEAM = R7UQ8J92N9;
				ENABLE_NS_ASSERTIONS = NO;
				ENABLE_STRICT_OBJC_MSGSEND = YES;
				ENABLE_USER_SCRIPT_SANDBOXING = YES;
				GCC_C_LANGUAGE_STANDARD = gnu17;
				GCC_NO_COMMON_BLOCKS = YES;
				GCC_WARN_64_TO_32_BIT_CONVERSION = YES;
				GCC_WARN_ABOUT_RETURN_TYPE = YES_ERROR;
				GCC_WARN_UNDECLARED_SELECTOR = YES;
				GCC_WARN_UNINITIALIZED_AUTOS = YES_AGGRESSIVE;
				GCC_WARN_UNUSED_FUNCTION = YES;
				GCC_WARN_UNUSED_VARIABLE = YES;
				IPHONEOS_DEPLOYMENT_TARGET = 18.5;
				LOCALIZATION_PREFERS_STRING_CATALOGS = YES;
				MTL_ENABLE_DEBUG_INFO = NO;
				MTL_FAST_MATH = YES;
				SDKROOT = iphoneos;
				SWIFT_COMPILATION_MODE = wholemodule;
				VALIDATE_PRODUCT = YES;
			};
			name = Release;
		};
		993663FC2E8477CD0005905D /* Debug */ = {
			isa = XCBuildConfiguration;
			buildSettings = {
				ASSETCATALOG_COMPILER_APPICON_NAME = AppIcon;
				ASSETCATALOG_COMPILER_GLOBAL_ACCENT_COLOR_NAME = AccentColor;
				CODE_SIGN_STYLE = Automatic;
				CURRENT_PROJECT_VERSION = 1;
				DEVELOPMENT_TEAM = R7UQ8J92N9;
				ENABLE_PREVIEWS = YES;
				GENERATE_INFOPLIST_FILE = YES;
				INFOPLIST_KEY_UIApplicationSceneManifest_Generation = YES;
				INFOPLIST_KEY_UIApplicationSupportsIndirectInputEvents = YES;
				INFOPLIST_KEY_UILaunchScreen_Generation = YES;
				INFOPLIST_KEY_UISupportedInterfaceOrientations_iPad = "UIInterfaceOrientationPortrait UIInterfaceOrientationPortraitUpsideDown UIInterfaceOrientationLandscapeLeft UIInterfaceOrientationLandscapeRight";
				INFOPLIST_KEY_UISupportedInterfaceOrientations_iPhone = "UIInterfaceOrientationPortrait UIInterfaceOrientationLandscapeLeft UIInterfaceOrientationLandscapeRight";
				LD_RUNPATH_SEARCH_PATHS = (
					"$(inherited)",
					"@executable_path/Frameworks",
				);
				MARKETING_VERSION = 1.0;
				PRODUCT_BUNDLE_IDENTIFIER = com.fit.app.FItapp;
				PRODUCT_NAME = "$(TARGET_NAME)";
				SWIFT_EMIT_LOC_STRINGS = YES;
				SWIFT_VERSION = 5.0;
				TARGETED_DEVICE_FAMILY = "1,2";
			};
			name = Debug;
		};
		993663FD2E8477CD0005905D /* Release */ = {
			isa = XCBuildConfiguration;
			buildSettings = {
				ASSETCATALOG_COMPILER_APPICON_NAME = AppIcon;
				ASSETCATALOG_COMPILER_GLOBAL_ACCENT_COLOR_NAME = AccentColor;
				CODE_SIGN_STYLE = Automatic;
				CURRENT_PROJECT_VERSION = 1;
				DEVELOPMENT_TEAM = R7UQ8J92N9;
				ENABLE_PREVIEWS = YES;
				GENERATE_INFOPLIST_FILE = YES;
				INFOPLIST_KEY_UIApplicationSceneManifest_Generation = YES;
				INFOPLIST_KEY_UIApplicationSupportsIndirectInputEvents = YES;
				INFOPLIST_KEY_UILaunchScreen_Generation = YES;
				INFOPLIST_KEY_UISupportedInterfaceOrientations_iPad = "UIInterfaceOrientationPortrait UIInterfaceOrientationPortraitUpsideDown UIInterfaceOrientationLandscapeLeft UIInterfaceOrientationLandscapeRight";
				INFOPLIST_KEY_UISupportedInterfaceOrientations_iPhone = "UIInterfaceOrientationPortrait UIInterfaceOrientationLandscapeLeft UIInterfaceOrientationLandscapeRight";
				LD_RUNPATH_SEARCH_PATHS = (
					"$(inherited)",
					"@executable_path/Frameworks",
				);
				MARKETING_VERSION = 1.0;
				PRODUCT_BUNDLE_IDENTIFIER = com.fit.app.FItapp;
				PRODUCT_NAME = "$(TARGET_NAME)";
				SWIFT_EMIT_LOC_STRINGS = YES;
				SWIFT_VERSION = 5.0;
				TARGETED_DEVICE_FAMILY = "1,2";
			};
			name = Release;
		};
/* End XCBuildConfiguration section */

/* Begin XCConfigurationList section */
		993663E62E8477CB0005905D /* Build configuration list for PBXProject "FItapp" */ = {
			isa = XCConfigurationList;
			buildConfigurations = (
				993663F92E8477CD0005905D /* Debug */,
				993663FA2E8477CD0005905D /* Release */,
			);
			defaultConfigurationIsVisible = 0;
			defaultConfigurationName = Release;
		};
		993663FB2E8477CD0005905D /* Build configuration list for PBXNativeTarget "FItapp" */ = {
			isa = XCConfigurationList;
			buildConfigurations = (
				993663FC2E8477CD0005905D /* Debug */,
				993663FD2E8477CD0005905D /* Release */,
			);
			defaultConfigurationIsVisible = 0;
			defaultConfigurationName = Release;
		};
/* End XCConfigurationList section */
	};
	rootObject = 993663E32E8477CB0005905D /* Project object */;
}
